<Solution>
  <Folder Name="/src/">
    <Project Path="src/Mone.Contracts/Mone.Contracts.csproj" />
    <Project Path="src/Mone.Infrastructure/Mone.Infrastructure.csproj" />
    <Project Path="src/Mone.PluginEngine/Mone.PluginEngine.csproj" />
    <Project Path="src/Mone.Messaging/Mone.Messaging.csproj" />
    <Project Path="src/Mone.ProbeExecutor/Mone.ProbeExecutor.csproj" />
    <Project Path="src/Mone.CheckerEngine/Mone.CheckerEngine.csproj" />
    <Project Path="src/Mone.Api/Mone.Api.csproj" />
    <Project Path="src/Mone.AlertEngine/Mone.AlertEngine.csproj" />
    <Project Path="src/Mone.Dashboard/Mone.Dashboard.csproj" />
  </Folder>
  <Folder Name="/tests/">
    <Project Path="tests/Mone.PluginEngine.Tests/Mone.PluginEngine.Tests.csproj" />
    <Project Path="tests/Mone.Messaging.Tests/Mone.Messaging.Tests.csproj" />
    <Project Path="tests/Mone.Infrastructure.Tests/Mone.Infrastructure.Tests.csproj" />
    <Project Path="tests/Mone.CheckerEngine.Tests/Mone.CheckerEngine.Tests.csproj" />
    <Project Path="tests/Mone.Api.Tests/Mone.Api.Tests.csproj" />
    <Project Path="tests/Mone.AlertEngine.Tests/Mone.AlertEngine.Tests.csproj" />
    <Project Path="tests/Mone.ProbeExecutor.Tests/Mone.ProbeExecutor.Tests.csproj" />
  </Folder>
  <Folder Name="/tests/TestPlugins/">
    <Project Path="tests/TestPlugins/TestProbePlugin/TestProbePlugin.csproj" />
    <Project Path="tests/TestPlugins/TestCheckerPlugin/TestCheckerPlugin.csproj" />
    <Project Path="tests/TestPlugins/TestNotificationPlugin/TestNotificationPlugin.csproj" />
    <Project Path="tests/TestPlugins/TestProbePluginV2/TestProbePluginV2.csproj" />
    <Project Path="tests/TestPlugins/TestPluginWithJsonV12/TestPluginWithJsonV12.csproj" />
    <Project Path="tests/TestPlugins/TestPluginWithJsonV13/TestPluginWithJsonV13.csproj" />
    <Project Path="tests/TestPlugins/MockProbePlugin/MockProbePlugin.csproj" />
  </Folder>
</Solution>
